
Microsoft Visual Studio Solution File, Format Version 12.00
# Visual Studio Version 17
VisualStudioVersion = 17.5.33530.505
MinimumVisualStudioVersion = 10.0.40219.1
Project("{2150E333-8FDC-42A3-9474-1A3956D46DE8}") = "src", "src", "{63809898-DB51-42EB-9D75-98D38029EB8F}"
EndProject
Project("{2150E333-8FDC-42A3-9474-1A3956D46DE8}") = "Services", "Services", "{DC75E37D-D797-4AC8-8E34-2845E86EDFDC}"
EndProject
Project("{2150E333-8FDC-42A3-9474-1A3956D46DE8}") = "ServicioUno", "ServicioUno", "{00C1176E-3B60-4448-B3AF-C7293FBBE15A}"
EndProject
Project("{2150E333-8FDC-42A3-9474-1A3956D46DE8}") = "tests", "tests", "{1FEEF466-2785-46C5-8F4B-21DD11672627}"
EndProject
Project("{9A19103F-16F7-4668-BE54-9A1E7A4F7556}") = "ServicioUno.UnitTests", "Services\ServicioUno\tests\ServicioUno.UnitTests\ServicioUno.UnitTests.csproj", "{3DAD4B25-088F-4413-9A29-005E0F3EF9BC}"
EndProject
Project("{9A19103F-16F7-4668-BE54-9A1E7A4F7556}") = "ServicioUno.API", "Services\ServicioUno\ServicioUno.API\ServicioUno.API.csproj", "{ACC8C735-8C7D-4982-B804-CE436775A3DC}"
EndProject
Project("{2150E333-8FDC-42A3-9474-1A3956D46DE8}") = "ServicioDos", "ServicioDos", "{A6F4E742-78B1-44DD-B193-F9FC08B323A7}"
EndProject
Global
	GlobalSection(SolutionConfigurationPlatforms) = preSolution
		Debug|Any CPU = Debug|Any CPU
		Release|Any CPU = Release|Any CPU
	EndGlobalSection
	GlobalSection(ProjectConfigurationPlatforms) = postSolution
		{3DAD4B25-088F-4413-9A29-005E0F3EF9BC}.Debug|Any CPU.ActiveCfg = Debug|Any CPU
		{3DAD4B25-088F-4413-9A29-005E0F3EF9BC}.Debug|Any CPU.Build.0 = Debug|Any CPU
		{3DAD4B25-088F-4413-9A29-005E0F3EF9BC}.Release|Any CPU.ActiveCfg = Release|Any CPU
		{3DAD4B25-088F-4413-9A29-005E0F3EF9BC}.Release|Any CPU.Build.0 = Release|Any CPU
		{ACC8C735-8C7D-4982-B804-CE436775A3DC}.Debug|Any CPU.ActiveCfg = Debug|Any CPU
		{ACC8C735-8C7D-4982-B804-CE436775A3DC}.Debug|Any CPU.Build.0 = Debug|Any CPU
		{ACC8C735-8C7D-4982-B804-CE436775A3DC}.Release|Any CPU.ActiveCfg = Release|Any CPU
		{ACC8C735-8C7D-4982-B804-CE436775A3DC}.Release|Any CPU.Build.0 = Release|Any CPU
	EndGlobalSection
	GlobalSection(SolutionProperties) = preSolution
		HideSolutionNode = FALSE
	EndGlobalSection
	GlobalSection(NestedProjects) = preSolution
		{DC75E37D-D797-4AC8-8E34-2845E86EDFDC} = {63809898-DB51-42EB-9D75-98D38029EB8F}
		{00C1176E-3B60-4448-B3AF-C7293FBBE15A} = {DC75E37D-D797-4AC8-8E34-2845E86EDFDC}
		{1FEEF466-2785-46C5-8F4B-21DD11672627} = {00C1176E-3B60-4448-B3AF-C7293FBBE15A}
		{3DAD4B25-088F-4413-9A29-005E0F3EF9BC} = {1FEEF466-2785-46C5-8F4B-21DD11672627}
		{ACC8C735-8C7D-4982-B804-CE436775A3DC} = {00C1176E-3B60-4448-B3AF-C7293FBBE15A}
		{A6F4E742-78B1-44DD-B193-F9FC08B323A7} = {DC75E37D-D797-4AC8-8E34-2845E86EDFDC}
	EndGlobalSection
	GlobalSection(ExtensibilityGlobals) = postSolution
		SolutionGuid = {9CE6A9AC-5D9E-4548-9311-BBDA101F5F05}
	EndGlobalSection
EndGlobal
